
Microsoft Visual Studio Solution File, Format Version 12.00
# Visual Studio Version 17
VisualStudioVersion = 17.14.36414.22 d17.14
MinimumVisualStudioVersion = 10.0.40219.1
Project("{FAE04EC0-301F-11D3-BF4B-00C04F79EFBC}") = "WebApplication1", "WebApplication1\WebApplication1.csproj", "{E0E4322F-96D8-4AEA-8237-6DB65408DE0D}"
	ProjectSection(ProjectDependencies) = postProject
		{BEA7D36D-2E45-47E0-92DE-A84666085C42} = {BEA7D36D-2E45-47E0-92DE-A84666085C42}
	EndProjectSection
EndProject
Project("{FAE04EC0-301F-11D3-BF4B-00C04F79EFBC}") = "ClassLibrary1", "ClassLibrary1\ClassLibrary1.csproj", "{23156062-47AD-4F76-BF84-3CE52032B1A1}"
EndProject
Project("{FAE04EC0-301F-11D3-BF4B-00C04F79EFBC}") = "EmailService", "EmailService\EmailService.csproj", "{BEA7D36D-2E45-47E0-92DE-A84666085C42}"
EndProject
Project("{FAE04EC0-301F-11D3-BF4B-00C04F79EFBC}") = "SolarService", "SolarService\SolarService.csproj", "{BD91AA1F-CCB5-4569-A31F-C54F2748DD81}"
EndProject
Project("{FAE04EC0-301F-11D3-BF4B-00C04F79EFBC}") = "ChatBotService", "ChatBotService\ChatBotService.csproj", "{3971009C-734C-40F4-A573-7C6C9435146F}"
EndProject
Global
	GlobalSection(SolutionConfigurationPlatforms) = preSolution
		Debug|Any CPU = Debug|Any CPU
		Release|Any CPU = Release|Any CPU
	EndGlobalSection
	GlobalSection(ProjectConfigurationPlatforms) = postSolution
		{E0E4322F-96D8-4AEA-8237-6DB65408DE0D}.Debug|Any CPU.ActiveCfg = Debug|Any CPU
		{E0E4322F-96D8-4AEA-8237-6DB65408DE0D}.Debug|Any CPU.Build.0 = Debug|Any CPU
		{E0E4322F-96D8-4AEA-8237-6DB65408DE0D}.Release|Any CPU.ActiveCfg = Release|Any CPU
		{E0E4322F-96D8-4AEA-8237-6DB65408DE0D}.Release|Any CPU.Build.0 = Release|Any CPU
		{23156062-47AD-4F76-BF84-3CE52032B1A1}.Debug|Any CPU.ActiveCfg = Debug|Any CPU
		{23156062-47AD-4F76-BF84-3CE52032B1A1}.Debug|Any CPU.Build.0 = Debug|Any CPU
		{23156062-47AD-4F76-BF84-3CE52032B1A1}.Release|Any CPU.ActiveCfg = Release|Any CPU
		{23156062-47AD-4F76-BF84-3CE52032B1A1}.Release|Any CPU.Build.0 = Release|Any CPU
		{BEA7D36D-2E45-47E0-92DE-A84666085C42}.Debug|Any CPU.ActiveCfg = Debug|Any CPU
		{BEA7D36D-2E45-47E0-92DE-A84666085C42}.Debug|Any CPU.Build.0 = Debug|Any CPU
		{BEA7D36D-2E45-47E0-92DE-A84666085C42}.Release|Any CPU.ActiveCfg = Release|Any CPU
		{BEA7D36D-2E45-47E0-92DE-A84666085C42}.Release|Any CPU.Build.0 = Release|Any CPU
		{BD91AA1F-CCB5-4569-A31F-C54F2748DD81}.Debug|Any CPU.ActiveCfg = Debug|Any CPU
		{BD91AA1F-CCB5-4569-A31F-C54F2748DD81}.Debug|Any CPU.Build.0 = Debug|Any CPU
		{BD91AA1F-CCB5-4569-A31F-C54F2748DD81}.Release|Any CPU.ActiveCfg = Release|Any CPU
		{BD91AA1F-CCB5-4569-A31F-C54F2748DD81}.Release|Any CPU.Build.0 = Release|Any CPU
		{3971009C-734C-40F4-A573-7C6C9435146F}.Debug|Any CPU.ActiveCfg = Debug|Any CPU
		{3971009C-734C-40F4-A573-7C6C9435146F}.Debug|Any CPU.Build.0 = Debug|Any CPU
		{3971009C-734C-40F4-A573-7C6C9435146F}.Release|Any CPU.ActiveCfg = Release|Any CPU
		{3971009C-734C-40F4-A573-7C6C9435146F}.Release|Any CPU.Build.0 = Release|Any CPU
	EndGlobalSection
	GlobalSection(SolutionProperties) = preSolution
		HideSolutionNode = FALSE
	EndGlobalSection
	GlobalSection(ExtensibilityGlobals) = postSolution
		SolutionGuid = {9F732AC0-E83D-4AEE-964E-896CEE8999CE}
	EndGlobalSection
EndGlobal
